// !$*UTF8*$!
{
	archiveVersion = 1;
	classes = {
	};
	objectVersion = 51;
	objects = {

/* Begin PBXBuildFile section */
		CC5B0FC22275F262002717E0 /* AppDelegate.swift in Sources */ = {isa = PBXBuildFile; fileRef = CC5B0FC12275F262002717E0 /* AppDelegate.swift */; };
		CC5B0FC42275F262002717E0 /* ViewController.swift in Sources */ = {isa = PBXBuildFile; fileRef = CC5B0FC32275F262002717E0 /* ViewController.swift */; };
		CC5B0FC72275F262002717E0 /* Main.storyboard in Resources */ = {isa = PBXBuildFile; fileRef = CC5B0FC52275F262002717E0 /* Main.storyboard */; };
		CC5B0FC92275F264002717E0 /* Assets.xcassets in Resources */ = {isa = PBXBuildFile; fileRef = CC5B0FC82275F264002717E0 /* Assets.xcassets */; };
		CC5B0FCC2275F264002717E0 /* LaunchScreen.storyboard in Resources */ = {isa = PBXBuildFile; fileRef = CC5B0FCA2275F264002717E0 /* LaunchScreen.storyboard */; };
		CC5B0FD82275F597002717E0 /* PeripheralViewController.swift in Sources */ = {isa = PBXBuildFile; fileRef = CC5B0FD72275F597002717E0 /* PeripheralViewController.swift */; };
		CC5B0FDA2275F5C3002717E0 /* CentralViewController.swift in Sources */ = {isa = PBXBuildFile; fileRef = CC5B0FD92275F5C3002717E0 /* CentralViewController.swift */; };
		CC5B0FDE2275F8AB002717E0 /* ReactiveCocoa.framework in Frameworks */ = {isa = PBXBuildFile; fileRef = CC5B0FDC2275F8AB002717E0 /* ReactiveCocoa.framework */; };
		CC5B0FDF2275F8AB002717E0 /* ReactiveSwift.framework in Frameworks */ = {isa = PBXBuildFile; fileRef = CC5B0FDD2275F8AB002717E0 /* ReactiveSwift.framework */; };
		CC5B0FE52275FA85002717E0 /* ReactiveSwift.framework.dSYM in Copy dSYM Files */ = {isa = PBXBuildFile; fileRef = CC5B0FE32275FA85002717E0 /* ReactiveSwift.framework.dSYM */; };
		CC5B0FE62275FA85002717E0 /* ReactiveCocoa.framework.dSYM in Copy dSYM Files */ = {isa = PBXBuildFile; fileRef = CC5B0FE42275FA85002717E0 /* ReactiveCocoa.framework.dSYM */; };
		CC5B0FE822760069002717E0 /* CentralView.swift in Sources */ = {isa = PBXBuildFile; fileRef = CC5B0FE722760069002717E0 /* CentralView.swift */; };
		CC5B0FEA22760081002717E0 /* PeripheralView.swift in Sources */ = {isa = PBXBuildFile; fileRef = CC5B0FE922760081002717E0 /* PeripheralView.swift */; };
		CC5B0FEC2280B807002717E0 /* UIImage+.swift in Sources */ = {isa = PBXBuildFile; fileRef = CC5B0FEB2280B807002717E0 /* UIImage+.swift */; };
		CCE60791228140E30063DB1F /* PeripheralModel.swift in Sources */ = {isa = PBXBuildFile; fileRef = CCE60790228140E30063DB1F /* PeripheralModel.swift */; };
		CCE60793228174790063DB1F /* Defaults.swift in Sources */ = {isa = PBXBuildFile; fileRef = CCE60792228174790063DB1F /* Defaults.swift */; };
/* End PBXBuildFile section */

/* Begin PBXCopyFilesBuildPhase section */
		CC5B0FE22275FA4E002717E0 /* Copy dSYM Files */ = {
			isa = PBXCopyFilesBuildPhase;
			buildActionMask = 2147483647;
			dstPath = "";
			dstSubfolderSpec = 16;
			files = (
				CC5B0FE52275FA85002717E0 /* ReactiveSwift.framework.dSYM in Copy dSYM Files */,
				CC5B0FE62275FA85002717E0 /* ReactiveCocoa.framework.dSYM in Copy dSYM Files */,
			);
			name = "Copy dSYM Files";
			runOnlyForDeploymentPostprocessing = 0;
		};
/* End PBXCopyFilesBuildPhase section */

/* Begin PBXFileReference section */
		CC5B0FBE2275F262002717E0 /* sample-ios-ble.app */ = {isa = PBXFileReference; explicitFileType = wrapper.application; includeInIndex = 0; path = "sample-ios-ble.app"; sourceTree = BUILT_PRODUCTS_DIR; };
		CC5B0FC12275F262002717E0 /* AppDelegate.swift */ = {isa = PBXFileReference; lastKnownFileType = sourcecode.swift; path = AppDelegate.swift; sourceTree = "<group>"; };
		CC5B0FC32275F262002717E0 /* ViewController.swift */ = {isa = PBXFileReference; lastKnownFileType = sourcecode.swift; path = ViewController.swift; sourceTree = "<group>"; };
		CC5B0FC62275F262002717E0 /* Base */ = {isa = PBXFileReference; lastKnownFileType = file.storyboard; name = Base; path = Base.lproj/Main.storyboard; sourceTree = "<group>"; };
		CC5B0FC82275F264002717E0 /* Assets.xcassets */ = {isa = PBXFileReference; lastKnownFileType = folder.assetcatalog; path = Assets.xcassets; sourceTree = "<group>"; };
		CC5B0FCB2275F264002717E0 /* Base */ = {isa = PBXFileReference; lastKnownFileType = file.storyboard; name = Base; path = Base.lproj/LaunchScreen.storyboard; sourceTree = "<group>"; };
		CC5B0FCD2275F264002717E0 /* Info.plist */ = {isa = PBXFileReference; lastKnownFileType = text.plist.xml; path = Info.plist; sourceTree = "<group>"; };
		CC5B0FD72275F597002717E0 /* PeripheralViewController.swift */ = {isa = PBXFileReference; lastKnownFileType = sourcecode.swift; path = PeripheralViewController.swift; sourceTree = "<group>"; };
		CC5B0FD92275F5C3002717E0 /* CentralViewController.swift */ = {isa = PBXFileReference; lastKnownFileType = sourcecode.swift; path = CentralViewController.swift; sourceTree = "<group>"; };
		CC5B0FDC2275F8AB002717E0 /* ReactiveCocoa.framework */ = {isa = PBXFileReference; lastKnownFileType = wrapper.framework; name = ReactiveCocoa.framework; path = Carthage/Build/iOS/ReactiveCocoa.framework; sourceTree = "<group>"; };
		CC5B0FDD2275F8AB002717E0 /* ReactiveSwift.framework */ = {isa = PBXFileReference; lastKnownFileType = wrapper.framework; name = ReactiveSwift.framework; path = Carthage/Build/iOS/ReactiveSwift.framework; sourceTree = "<group>"; };
		CC5B0FE32275FA85002717E0 /* ReactiveSwift.framework.dSYM */ = {isa = PBXFileReference; lastKnownFileType = wrapper.dsym; name = ReactiveSwift.framework.dSYM; path = Carthage/Build/iOS/ReactiveSwift.framework.dSYM; sourceTree = "<group>"; };
		CC5B0FE42275FA85002717E0 /* ReactiveCocoa.framework.dSYM */ = {isa = PBXFileReference; lastKnownFileType = wrapper.dsym; name = ReactiveCocoa.framework.dSYM; path = Carthage/Build/iOS/ReactiveCocoa.framework.dSYM; sourceTree = "<group>"; };
		CC5B0FE722760069002717E0 /* CentralView.swift */ = {isa = PBXFileReference; lastKnownFileType = sourcecode.swift; path = CentralView.swift; sourceTree = "<group>"; };
		CC5B0FE922760081002717E0 /* PeripheralView.swift */ = {isa = PBXFileReference; lastKnownFileType = sourcecode.swift; path = PeripheralView.swift; sourceTree = "<group>"; };
		CC5B0FEB2280B807002717E0 /* UIImage+.swift */ = {isa = PBXFileReference; lastKnownFileType = sourcecode.swift; path = "UIImage+.swift"; sourceTree = "<group>"; };
		CCE60790228140E30063DB1F /* PeripheralModel.swift */ = {isa = PBXFileReference; lastKnownFileType = sourcecode.swift; path = PeripheralModel.swift; sourceTree = "<group>"; };
		CCE60792228174790063DB1F /* Defaults.swift */ = {isa = PBXFileReference; lastKnownFileType = sourcecode.swift; path = Defaults.swift; sourceTree = "<group>"; };
/* End PBXFileReference section */

/* Begin PBXFrameworksBuildPhase section */
		CC5B0FBB2275F262002717E0 /* Frameworks */ = {
			isa = PBXFrameworksBuildPhase;
			buildActionMask = 2147483647;
			files = (
				CC5B0FDF2275F8AB002717E0 /* ReactiveSwift.framework in Frameworks */,
				CC5B0FDE2275F8AB002717E0 /* ReactiveCocoa.framework in Frameworks */,
			);
			runOnlyForDeploymentPostprocessing = 0;
		};
/* End PBXFrameworksBuildPhase section */

/* Begin PBXGroup section */
		CC5B0FB52275F261002717E0 = {
			isa = PBXGroup;
			children = (
				CC5B0FC02275F262002717E0 /* sample-ios-ble */,
				CC5B0FBF2275F262002717E0 /* Products */,
				CC5B0FDB2275F8AA002717E0 /* Frameworks */,
				CC5B0FE12275F975002717E0 /* dSYMs */,
			);
			sourceTree = "<group>";
		};
		CC5B0FBF2275F262002717E0 /* Products */ = {
			isa = PBXGroup;
			children = (
				CC5B0FBE2275F262002717E0 /* sample-ios-ble.app */,
			);
			name = Products;
			sourceTree = "<group>";
		};
		CC5B0FC02275F262002717E0 /* sample-ios-ble */ = {
			isa = PBXGroup;
			children = (
				CC5B0FC12275F262002717E0 /* AppDelegate.swift */,
				CC5B0FC32275F262002717E0 /* ViewController.swift */,
				CC5B0FD72275F597002717E0 /* PeripheralViewController.swift */,
				CC5B0FE922760081002717E0 /* PeripheralView.swift */,
				CCE60790228140E30063DB1F /* PeripheralModel.swift */,
				CC5B0FD92275F5C3002717E0 /* CentralViewController.swift */,
				CC5B0FE722760069002717E0 /* CentralView.swift */,
				CC5B0FC52275F262002717E0 /* Main.storyboard */,
				CC5B0FC82275F264002717E0 /* Assets.xcassets */,
				CC5B0FCA2275F264002717E0 /* LaunchScreen.storyboard */,
				CC5B0FCD2275F264002717E0 /* Info.plist */,
				CC5B0FEB2280B807002717E0 /* UIImage+.swift */,
				CCE60792228174790063DB1F /* Defaults.swift */,
			);
			path = "sample-ios-ble";
			sourceTree = "<group>";
		};
		CC5B0FDB2275F8AA002717E0 /* Frameworks */ = {
			isa = PBXGroup;
			children = (
				CC5B0FDC2275F8AB002717E0 /* ReactiveCocoa.framework */,
				CC5B0FDD2275F8AB002717E0 /* ReactiveSwift.framework */,
			);
			name = Frameworks;
			sourceTree = "<group>";
		};
		CC5B0FE12275F975002717E0 /* dSYMs */ = {
			isa = PBXGroup;
			children = (
				CC5B0FE42275FA85002717E0 /* ReactiveCocoa.framework.dSYM */,
				CC5B0FE32275FA85002717E0 /* ReactiveSwift.framework.dSYM */,
			);
			name = dSYMs;
			sourceTree = "<group>";
		};
/* End PBXGroup section */

/* Begin PBXNativeTarget section */
		CC5B0FBD2275F262002717E0 /* sample-ios-ble */ = {
			isa = PBXNativeTarget;
			buildConfigurationList = CC5B0FD02275F264002717E0 /* Build configuration list for PBXNativeTarget "sample-ios-ble" */;
			buildPhases = (
				CC5B0FBA2275F262002717E0 /* Sources */,
				CC5B0FBB2275F262002717E0 /* Frameworks */,
				CC5B0FBC2275F262002717E0 /* Resources */,
				CC5B0FE02275F8E3002717E0 /* Carthage copy-frameworks */,
				CC5B0FE22275FA4E002717E0 /* Copy dSYM Files */,
			);
			buildRules = (
			);
			dependencies = (
			);
			name = "sample-ios-ble";
			productName = "sample-ios-ble";
			productReference = CC5B0FBE2275F262002717E0 /* sample-ios-ble.app */;
			productType = "com.apple.product-type.application";
		};
/* End PBXNativeTarget section */

/* Begin PBXProject section */
		CC5B0FB62275F261002717E0 /* Project object */ = {
			isa = PBXProject;
			attributes = {
				LastSwiftUpdateCheck = 1020;
				LastUpgradeCheck = 1020;
				ORGANIZATIONNAME = "quiet branch studio";
				TargetAttributes = {
					CC5B0FBD2275F262002717E0 = {
						CreatedOnToolsVersion = 10.2.1;
					};
				};
			};
			buildConfigurationList = CC5B0FB92275F261002717E0 /* Build configuration list for PBXProject "sample-ios-ble" */;
			compatibilityVersion = "Xcode 9.3";
			developmentRegion = en;
			hasScannedForEncodings = 0;
			knownRegions = (
				en,
				Base,
			);
			mainGroup = CC5B0FB52275F261002717E0;
			productRefGroup = CC5B0FBF2275F262002717E0 /* Products */;
			projectDirPath = "";
			projectRoot = "";
			targets = (
				CC5B0FBD2275F262002717E0 /* sample-ios-ble */,
			);
		};
/* End PBXProject section */

/* Begin PBXResourcesBuildPhase section */
		CC5B0FBC2275F262002717E0 /* Resources */ = {
			isa = PBXResourcesBuildPhase;
			buildActionMask = 2147483647;
			files = (
				CC5B0FCC2275F264002717E0 /* LaunchScreen.storyboard in Resources */,
				CC5B0FC92275F264002717E0 /* Assets.xcassets in Resources */,
				CC5B0FC72275F262002717E0 /* Main.storyboard in Resources */,
			);
			runOnlyForDeploymentPostprocessing = 0;
		};
/* End PBXResourcesBuildPhase section */

/* Begin PBXShellScriptBuildPhase section */
		CC5B0FE02275F8E3002717E0 /* Carthage copy-frameworks */ = {
			isa = PBXShellScriptBuildPhase;
			buildActionMask = 2147483647;
			files = (
			);
			inputFileListPaths = (
				"$(SRCROOT)/frameworks_input.xcfilelist",
			);
			inputPaths = (
			);
			name = "Carthage copy-frameworks";
			outputFileListPaths = (
				"$(SRCROOT)/frameworks_output.xcfilelist",
			);
			outputPaths = (
			);
			runOnlyForDeploymentPostprocessing = 0;
			shellPath = /bin/sh;
			shellScript = "/usr/local/bin/carthage copy-frameworks\n";
		};
/* End PBXShellScriptBuildPhase section */

/* Begin PBXSourcesBuildPhase section */
		CC5B0FBA2275F262002717E0 /* Sources */ = {
			isa = PBXSourcesBuildPhase;
			buildActionMask = 2147483647;
			files = (
				CC5B0FC42275F262002717E0 /* ViewController.swift in Sources */,
				CCE60793228174790063DB1F /* Defaults.swift in Sources */,
				CC5B0FEC2280B807002717E0 /* UIImage+.swift in Sources */,
				CC5B0FD82275F597002717E0 /* PeripheralViewController.swift in Sources */,
				CC5B0FEA22760081002717E0 /* PeripheralView.swift in Sources */,
				CC5B0FE822760069002717E0 /* CentralView.swift in Sources */,
				CCE60791228140E30063DB1F /* PeripheralModel.swift in Sources */,
				CC5B0FDA2275F5C3002717E0 /* CentralViewController.swift in Sources */,
				CC5B0FC22275F262002717E0 /* AppDelegate.swift in Sources */,
			);
			runOnlyForDeploymentPostprocessing = 0;
		};
/* End PBXSourcesBuildPhase section */

/* Begin PBXVariantGroup section */
		CC5B0FC52275F262002717E0 /* Main.storyboard */ = {
			isa = PBXVariantGroup;
			children = (
				CC5B0FC62275F262002717E0 /* Base */,
			);
			name = Main.storyboard;
			sourceTree = "<group>";
		};
		CC5B0FCA2275F264002717E0 /* LaunchScreen.storyboard */ = {
			isa = PBXVariantGroup;
			children = (
				CC5B0FCB2275F264002717E0 /* Base */,
			);
			name = LaunchScreen.storyboard;
			sourceTree = "<group>";
		};
/* End PBXVariantGroup section */

/* Begin XCBuildConfiguration section */
		CC5B0FCE2275F264002717E0 /* Debug */ = {
			isa = XCBuildConfiguration;
			buildSettings = {
				ALWAYS_SEARCH_USER_PATHS = NO;
				CLANG_ANALYZER_NONNULL = YES;
				CLANG_ANALYZER_NUMBER_OBJECT_CONVERSION = YES_AGGRESSIVE;
				CLANG_CXX_LANGUAGE_STANDARD = "gnu++14";
				CLANG_CXX_LIBRARY = "libc++";
				CLANG_ENABLE_MODULES = YES;
				CLANG_ENABLE_OBJC_ARC = YES;
				CLANG_ENABLE_OBJC_WEAK = YES;
				CLANG_WARN_BLOCK_CAPTURE_AUTORELEASING = YES;
				CLANG_WARN_BOOL_CONVERSION = YES;
				CLANG_WARN_COMMA = YES;
				CLANG_WARN_CONSTANT_CONVERSION = YES;
				CLANG_WARN_DEPRECATED_OBJC_IMPLEMENTATIONS = YES;
				CLANG_WARN_DIRECT_OBJC_ISA_USAGE = YES_ERROR;
				CLANG_WARN_DOCUMENTATION_COMMENTS = YES;
				CLANG_WARN_EMPTY_BODY = YES;
				CLANG_WARN_ENUM_CONVERSION = YES;
				CLANG_WARN_INFINITE_RECURSION = YES;
				CLANG_WARN_INT_CONVERSION = YES;
				CLANG_WARN_NON_LITERAL_NULL_CONVERSION = YES;
				CLANG_WARN_OBJC_IMPLICIT_RETAIN_SELF = YES;
				CLANG_WARN_OBJC_LITERAL_CONVERSION = YES;
				CLANG_WARN_OBJC_ROOT_CLASS = YES_ERROR;
				CLANG_WARN_RANGE_LOOP_ANALYSIS = YES;
				CLANG_WARN_STRICT_PROTOTYPES = YES;
				CLANG_WARN_SUSPICIOUS_MOVE = YES;
				CLANG_WARN_UNGUARDED_AVAILABILITY = YES_AGGRESSIVE;
				CLANG_WARN_UNREACHABLE_CODE = YES;
				CLANG_WARN__DUPLICATE_METHOD_MATCH = YES;
				CODE_SIGN_IDENTITY = "iPhone Developer";
				COPY_PHASE_STRIP = NO;
				DEBUG_INFORMATION_FORMAT = dwarf;
				ENABLE_STRICT_OBJC_MSGSEND = YES;
				ENABLE_TESTABILITY = YES;
				GCC_C_LANGUAGE_STANDARD = gnu11;
				GCC_DYNAMIC_NO_PIC = NO;
				GCC_NO_COMMON_BLOCKS = YES;
				GCC_OPTIMIZATION_LEVEL = 0;
				GCC_PREPROCESSOR_DEFINITIONS = (
					"DEBUG=1",
					"$(inherited)",
				);
				GCC_WARN_64_TO_32_BIT_CONVERSION = YES;
				GCC_WARN_ABOUT_RETURN_TYPE = YES_ERROR;
				GCC_WARN_UNDECLARED_SELECTOR = YES;
				GCC_WARN_UNINITIALIZED_AUTOS = YES_AGGRESSIVE;
				GCC_WARN_UNUSED_FUNCTION = YES;
				GCC_WARN_UNUSED_VARIABLE = YES;
				IPHONEOS_DEPLOYMENT_TARGET = 11.0;
				MTL_ENABLE_DEBUG_INFO = INCLUDE_SOURCE;
				MTL_FAST_MATH = YES;
				ONLY_ACTIVE_ARCH = YES;
				SDKROOT = iphoneos;
				SWIFT_ACTIVE_COMPILATION_CONDITIONS = DEBUG;
				SWIFT_OPTIMIZATION_LEVEL = "-Onone";
			};
			name = Debug;
		};
		CC5B0FCF2275F264002717E0 /* Release */ = {
			isa = XCBuildConfiguration;
			buildSettings = {
				ALWAYS_SEARCH_USER_PATHS = NO;
				CLANG_ANALYZER_NONNULL = YES;
				CLANG_ANALYZER_NUMBER_OBJECT_CONVERSION = YES_AGGRESSIVE;
				CLANG_CXX_LANGUAGE_STANDARD = "gnu++14";
				CLANG_CXX_LIBRARY = "libc++";
				CLANG_ENABLE_MODULES = YES;
				CLANG_ENABLE_OBJC_ARC = YES;
				CLANG_ENABLE_OBJC_WEAK = YES;
				CLANG_WARN_BLOCK_CAPTURE_AUTORELEASING = YES;
				CLANG_WARN_BOOL_CONVERSION = YES;
				CLANG_WARN_COMMA = YES;
				CLANG_WARN_CONSTANT_CONVERSION = YES;
				CLANG_WARN_DEPRECATED_OBJC_IMPLEMENTATIONS = YES;
				CLANG_WARN_DIRECT_OBJC_ISA_USAGE = YES_ERROR;
				CLANG_WARN_DOCUMENTATION_COMMENTS = YES;
				CLANG_WARN_EMPTY_BODY = YES;
				CLANG_WARN_ENUM_CONVERSION = YES;
				CLANG_WARN_INFINITE_RECURSION = YES;
				CLANG_WARN_INT_CONVERSION = YES;
				CLANG_WARN_NON_LITERAL_NULL_CONVERSION = YES;
				CLANG_WARN_OBJC_IMPLICIT_RETAIN_SELF = YES;
				CLANG_WARN_OBJC_LITERAL_CONVERSION = YES;
				CLANG_WARN_OBJC_ROOT_CLASS = YES_ERROR;
				CLANG_WARN_RANGE_LOOP_ANALYSIS = YES;
				CLANG_WARN_STRICT_PROTOTYPES = YES;
				CLANG_WARN_SUSPICIOUS_MOVE = YES;
				CLANG_WARN_UNGUARDED_AVAILABILITY = YES_AGGRESSIVE;
				CLANG_WARN_UNREACHABLE_CODE = YES;
				CLANG_WARN__DUPLICATE_METHOD_MATCH = YES;
				CODE_SIGN_IDENTITY = "iPhone Developer";
				COPY_PHASE_STRIP = NO;
				DEBUG_INFORMATION_FORMAT = "dwarf-with-dsym";
				ENABLE_NS_ASSERTIONS = NO;
				ENABLE_STRICT_OBJC_MSGSEND = YES;
				GCC_C_LANGUAGE_STANDARD = gnu11;
				GCC_NO_COMMON_BLOCKS = YES;
				GCC_WARN_64_TO_32_BIT_CONVERSION = YES;
				GCC_WARN_ABOUT_RETURN_TYPE = YES_ERROR;
				GCC_WARN_UNDECLARED_SELECTOR = YES;
				GCC_WARN_UNINITIALIZED_AUTOS = YES_AGGRESSIVE;
				GCC_WARN_UNUSED_FUNCTION = YES;
				GCC_WARN_UNUSED_VARIABLE = YES;
				IPHONEOS_DEPLOYMENT_TARGET = 11.0;
				MTL_ENABLE_DEBUG_INFO = NO;
				MTL_FAST_MATH = YES;
				SDKROOT = iphoneos;
				SWIFT_COMPILATION_MODE = wholemodule;
				SWIFT_OPTIMIZATION_LEVEL = "-O";
				VALIDATE_PRODUCT = YES;
			};
			name = Release;
		};
		CC5B0FD12275F264002717E0 /* Debug */ = {
			isa = XCBuildConfiguration;
			buildSettings = {
				ASSETCATALOG_COMPILER_APPICON_NAME = AppIcon;
				CODE_SIGN_STYLE = Automatic;
				DEVELOPMENT_TEAM = 7T2Z6RR4DM;
				FRAMEWORK_SEARCH_PATHS = (
					"$(inherited)",
					"$(PROJECT_DIR)/Carthage/Build/iOS",
				);
				INFOPLIST_FILE = "sample-ios-ble/Info.plist";
				LD_RUNPATH_SEARCH_PATHS = (
					"$(inherited)",
					"@executable_path/Frameworks",
				);
				PRODUCT_BUNDLE_IDENTIFIER = "com.quietbranchstudio.sample-ios-ble";
				PRODUCT_NAME = "$(TARGET_NAME)";
				SWIFT_VERSION = 5.0;
				TARGETED_DEVICE_FAMILY = 1;
			};
			name = Debug;
		};
		CC5B0FD22275F264002717E0 /* Release */ = {
			isa = XCBuildConfiguration;
			buildSettings = {
				ASSETCATALOG_COMPILER_APPICON_NAME = AppIcon;
				CODE_SIGN_STYLE = Automatic;
				DEVELOPMENT_TEAM = 7T2Z6RR4DM;
				FRAMEWORK_SEARCH_PATHS = (
					"$(inherited)",
					"$(PROJECT_DIR)/Carthage/Build/iOS",
				);
				INFOPLIST_FILE = "sample-ios-ble/Info.plist";
				LD_RUNPATH_SEARCH_PATHS = (
					"$(inherited)",
					"@executable_path/Frameworks",
				);
				PRODUCT_BUNDLE_IDENTIFIER = "com.quietbranchstudio.sample-ios-ble";
				PRODUCT_NAME = "$(TARGET_NAME)";
				SWIFT_VERSION = 5.0;
				TARGETED_DEVICE_FAMILY = 1;
			};
			name = Release;
		};
/* End XCBuildConfiguration section */

/* Begin XCConfigurationList section */
		CC5B0FB92275F261002717E0 /* Build configuration list for PBXProject "sample-ios-ble" */ = {
			isa = XCConfigurationList;
			buildConfigurations = (
				CC5B0FCE2275F264002717E0 /* Debug */,
				CC5B0FCF2275F264002717E0 /* Release */,
			);
			defaultConfigurationIsVisible = 0;
			defaultConfigurationName = Release;
		};
		CC5B0FD02275F264002717E0 /* Build configuration list for PBXNativeTarget "sample-ios-ble" */ = {
			isa = XCConfigurationList;
			buildConfigurations = (
				CC5B0FD12275F264002717E0 /* Debug */,
				CC5B0FD22275F264002717E0 /* Release */,
			);
			defaultConfigurationIsVisible = 0;
			defaultConfigurationName = Release;
		};
/* End XCConfigurationList section */
	};
	rootObject = CC5B0FB62275F261002717E0 /* Project object */;
}
